
Microsoft Visual Studio Solution File, Format Version 11.00
# Visual Studio 2010
Project("{FAE04EC0-301F-11D3-BF4B-00C04F79EFBC}") = "AutoKoanRunner.Tests", "AutoKoanRunner.Tests.csproj", "{0ADE054D-BD27-4033-85BD-45F5AB2BA8E3}"
EndProject
Project("{FAE04EC0-301F-11D3-BF4B-00C04F79EFBC}") = "AutoKoanRunner.Core", "..\AutoKoanRunner.Core\AutoKoanRunner.Core.csproj", "{C2C1413F-222B-4F84-8E89-32BC11F79ED2}"
EndProject
Project("{FAE04EC0-301F-11D3-BF4B-00C04F79EFBC}") = "AutoKoanRunner", "..\AutoKoanRunner\AutoKoanRunner.csproj", "{8F416978-FEF2-44B5-B12F-E176345ABE30}"
EndProject
Global
	GlobalSection(SolutionConfigurationPlatforms) = preSolution
		Debug|Any CPU = Debug|Any CPU
		Debug|Mixed Platforms = Debug|Mixed Platforms
		Debug|x86 = Debug|x86
		Release|Any CPU = Release|Any CPU
		Release|Mixed Platforms = Release|Mixed Platforms
		Release|x86 = Release|x86
	EndGlobalSection
	GlobalSection(ProjectConfigurationPlatforms) = postSolution
		{0ADE054D-BD27-4033-85BD-45F5AB2BA8E3}.Debug|Any CPU.ActiveCfg = Debug|Any CPU
		{0ADE054D-BD27-4033-85BD-45F5AB2BA8E3}.Debug|Any CPU.Build.0 = Debug|Any CPU
		{0ADE054D-BD27-4033-85BD-45F5AB2BA8E3}.Debug|Mixed Platforms.ActiveCfg = Debug|Any CPU
		{0ADE054D-BD27-4033-85BD-45F5AB2BA8E3}.Debug|Mixed Platforms.Build.0 = Debug|Any CPU
		{0ADE054D-BD27-4033-85BD-45F5AB2BA8E3}.Debug|x86.ActiveCfg = Debug|Any CPU
		{0ADE054D-BD27-4033-85BD-45F5AB2BA8E3}.Release|Any CPU.ActiveCfg = Release|Any CPU
		{0ADE054D-BD27-4033-85BD-45F5AB2BA8E3}.Release|Any CPU.Build.0 = Release|Any CPU
		{0ADE054D-BD27-4033-85BD-45F5AB2BA8E3}.Release|Mixed Platforms.ActiveCfg = Release|Any CPU
		{0ADE054D-BD27-4033-85BD-45F5AB2BA8E3}.Release|Mixed Platforms.Build.0 = Release|Any CPU
		{0ADE054D-BD27-4033-85BD-45F5AB2BA8E3}.Release|x86.ActiveCfg = Release|Any CPU
		{C2C1413F-222B-4F84-8E89-32BC11F79ED2}.Debug|Any CPU.ActiveCfg = Debug|Any CPU
		{C2C1413F-222B-4F84-8E89-32BC11F79ED2}.Debug|Any CPU.Build.0 = Debug|Any CPU
		{C2C1413F-222B-4F84-8E89-32BC11F79ED2}.Debug|Mixed Platforms.ActiveCfg = Debug|Any CPU
		{C2C1413F-222B-4F84-8E89-32BC11F79ED2}.Debug|Mixed Platforms.Build.0 = Debug|Any CPU
		{C2C1413F-222B-4F84-8E89-32BC11F79ED2}.Debug|x86.ActiveCfg = Debug|Any CPU
		{C2C1413F-222B-4F84-8E89-32BC11F79ED2}.Release|Any CPU.ActiveCfg = Release|Any CPU
		{C2C1413F-222B-4F84-8E89-32BC11F79ED2}.Release|Any CPU.Build.0 = Release|Any CPU
		{C2C1413F-222B-4F84-8E89-32BC11F79ED2}.Release|Mixed Platforms.ActiveCfg = Release|Any CPU
		{C2C1413F-222B-4F84-8E89-32BC11F79ED2}.Release|Mixed Platforms.Build.0 = Release|Any CPU
		{C2C1413F-222B-4F84-8E89-32BC11F79ED2}.Release|x86.ActiveCfg = Release|Any CPU
		{8F416978-FEF2-44B5-B12F-E176345ABE30}.Debug|Any CPU.ActiveCfg = Debug|x86
		{8F416978-FEF2-44B5-B12F-E176345ABE30}.Debug|Mixed Platforms.ActiveCfg = Debug|x86
		{8F416978-FEF2-44B5-B12F-E176345ABE30}.Debug|Mixed Platforms.Build.0 = Debug|x86
		{8F416978-FEF2-44B5-B12F-E176345ABE30}.Debug|x86.ActiveCfg = Debug|x86
		{8F416978-FEF2-44B5-B12F-E176345ABE30}.Debug|x86.Build.0 = Debug|x86
		{8F416978-FEF2-44B5-B12F-E176345ABE30}.Release|Any CPU.ActiveCfg = Release|x86
		{8F416978-FEF2-44B5-B12F-E176345ABE30}.Release|Mixed Platforms.ActiveCfg = Release|x86
		{8F416978-FEF2-44B5-B12F-E176345ABE30}.Release|Mixed Platforms.Build.0 = Release|x86
		{8F416978-FEF2-44B5-B12F-E176345ABE30}.Release|x86.ActiveCfg = Release|x86
		{8F416978-FEF2-44B5-B12F-E176345ABE30}.Release|x86.Build.0 = Release|x86
	EndGlobalSection
	GlobalSection(SolutionProperties) = preSolution
		HideSolutionNode = FALSE
	EndGlobalSection
EndGlobal
